
Microsoft Visual Studio Solution File, Format Version 12.00
# Visual Studio Version 16
VisualStudioVersion = 16.0.31702.278
MinimumVisualStudioVersion = 10.0.40219.1
Project("{FAE04EC0-301F-11D3-BF4B-00C04F79EFBC}") = "FamilyPi", "FamilyPi\FamilyPi.csproj", "{77851FA0-76F0-4D84-BB88-6E0375316E55}"
EndProject
Global
	GlobalSection(SolutionConfigurationPlatforms) = preSolution
		Debug|Any CPU = Debug|Any CPU
		Release|Any CPU = Release|Any CPU
	EndGlobalSection
	GlobalSection(ProjectConfigurationPlatforms) = postSolution
		{77851FA0-76F0-4D84-BB88-6E0375316E55}.Debug|Any CPU.ActiveCfg = Debug|Any CPU
		{77851FA0-76F0-4D84-BB88-6E0375316E55}.Debug|Any CPU.Build.0 = Debug|Any CPU
		{77851FA0-76F0-4D84-BB88-6E0375316E55}.Release|Any CPU.ActiveCfg = Release|Any CPU
		{77851FA0-76F0-4D84-BB88-6E0375316E55}.Release|Any CPU.Build.0 = Release|Any CPU
	EndGlobalSection
	GlobalSection(SolutionProperties) = preSolution
		HideSolutionNode = FALSE
	EndGlobalSection
	GlobalSection(ExtensibilityGlobals) = postSolution
		SolutionGuid = {D8AFA9A9-6976-432E-AD14-AD0ECDC37313}
	EndGlobalSection
EndGlobal
